
Microsoft Visual Studio Solution File, Format Version 12.00
# Visual Studio 15
VisualStudioVersion = 15.0.28307.1382
MinimumVisualStudioVersion = 10.0.40219.1
Project("{FAE04EC0-301F-11D3-BF4B-00C04F79EFBC}") = "call", "call\call.csproj", "{A010C9D5-5856-4887-8782-FD8D9F06FBF0}"
EndProject
Global
	GlobalSection(SolutionConfigurationPlatforms) = preSolution
		Debug|Any CPU = Debug|Any CPU
		Release|Any CPU = Release|Any CPU
	EndGlobalSection
	GlobalSection(ProjectConfigurationPlatforms) = postSolution
		{A010C9D5-5856-4887-8782-FD8D9F06FBF0}.Debug|Any CPU.ActiveCfg = Debug|Any CPU
		{A010C9D5-5856-4887-8782-FD8D9F06FBF0}.Debug|Any CPU.Build.0 = Debug|Any CPU
		{A010C9D5-5856-4887-8782-FD8D9F06FBF0}.Release|Any CPU.ActiveCfg = Release|Any CPU
		{A010C9D5-5856-4887-8782-FD8D9F06FBF0}.Release|Any CPU.Build.0 = Release|Any CPU
	EndGlobalSection
	GlobalSection(SolutionProperties) = preSolution
		HideSolutionNode = FALSE
	EndGlobalSection
	GlobalSection(ExtensibilityGlobals) = postSolution
		SolutionGuid = {793BE2E8-B520-4763-B4F9-3CBE3011DCBB}
	EndGlobalSection
EndGlobal
